
Microsoft Visual Studio Solution File, Format Version 12.00
Project("{FAE04EC0-301F-11D3-BF4B-00C04F79EFBC}") = "Backend", "Backend\Backend.csproj", "{D3ED5AC3-D203-411C-816F-3E55478DAE26}"
EndProject
Project("{FAE04EC0-301F-11D3-BF4B-00C04F79EFBC}") = "Frontend", "Frontend\Frontend.csproj", "{78A6BC69-3743-40A9-97A4-BABFE819AC18}"
EndProject
Project("{FAE04EC0-301F-11D3-BF4B-00C04F79EFBC}") = "Shared", "Shared\Shared.csproj", "{890EF3C0-9761-4C45-820E-58A3420069CD}"
EndProject
Global
	GlobalSection(SolutionConfigurationPlatforms) = preSolution
		Debug|Any CPU = Debug|Any CPU
		Release|Any CPU = Release|Any CPU
	EndGlobalSection
	GlobalSection(ProjectConfigurationPlatforms) = postSolution
		{D3ED5AC3-D203-411C-816F-3E55478DAE26}.Debug|Any CPU.ActiveCfg = Debug|Any CPU
		{D3ED5AC3-D203-411C-816F-3E55478DAE26}.Debug|Any CPU.Build.0 = Debug|Any CPU
		{D3ED5AC3-D203-411C-816F-3E55478DAE26}.Release|Any CPU.ActiveCfg = Release|Any CPU
		{D3ED5AC3-D203-411C-816F-3E55478DAE26}.Release|Any CPU.Build.0 = Release|Any CPU
		{78A6BC69-3743-40A9-97A4-BABFE819AC18}.Debug|Any CPU.ActiveCfg = Debug|Any CPU
		{78A6BC69-3743-40A9-97A4-BABFE819AC18}.Debug|Any CPU.Build.0 = Debug|Any CPU
		{78A6BC69-3743-40A9-97A4-BABFE819AC18}.Release|Any CPU.ActiveCfg = Release|Any CPU
		{78A6BC69-3743-40A9-97A4-BABFE819AC18}.Release|Any CPU.Build.0 = Release|Any CPU
		{890EF3C0-9761-4C45-820E-58A3420069CD}.Debug|Any CPU.ActiveCfg = Debug|Any CPU
		{890EF3C0-9761-4C45-820E-58A3420069CD}.Debug|Any CPU.Build.0 = Debug|Any CPU
		{890EF3C0-9761-4C45-820E-58A3420069CD}.Release|Any CPU.ActiveCfg = Release|Any CPU
		{890EF3C0-9761-4C45-820E-58A3420069CD}.Release|Any CPU.Build.0 = Release|Any CPU
	EndGlobalSection
EndGlobal
